
Microsoft Visual Studio Solution File, Format Version 12.00
# Visual Studio Version 17
VisualStudioVersion = 17.3.32922.545
MinimumVisualStudioVersion = 10.0.40219.1
Project("{8BC9CEB8-8B4A-11D0-8D11-00A0C91BC942}") = "2_11", "2_11\2_11.vcxproj", "{78A8737C-9FF2-4566-8862-F829A40A1BA0}"
EndProject
Global
	GlobalSection(SolutionConfigurationPlatforms) = preSolution
		Debug|x64 = Debug|x64
		Debug|x86 = Debug|x86
		Release|x64 = Release|x64
		Release|x86 = Release|x86
	EndGlobalSection
	GlobalSection(ProjectConfigurationPlatforms) = postSolution
		{78A8737C-9FF2-4566-8862-F829A40A1BA0}.Debug|x64.ActiveCfg = Debug|x64
		{78A8737C-9FF2-4566-8862-F829A40A1BA0}.Debug|x64.Build.0 = Debug|x64
		{78A8737C-9FF2-4566-8862-F829A40A1BA0}.Debug|x86.ActiveCfg = Debug|Win32
		{78A8737C-9FF2-4566-8862-F829A40A1BA0}.Debug|x86.Build.0 = Debug|Win32
		{78A8737C-9FF2-4566-8862-F829A40A1BA0}.Release|x64.ActiveCfg = Release|x64
		{78A8737C-9FF2-4566-8862-F829A40A1BA0}.Release|x64.Build.0 = Release|x64
		{78A8737C-9FF2-4566-8862-F829A40A1BA0}.Release|x86.ActiveCfg = Release|Win32
		{78A8737C-9FF2-4566-8862-F829A40A1BA0}.Release|x86.Build.0 = Release|Win32
	EndGlobalSection
	GlobalSection(SolutionProperties) = preSolution
		HideSolutionNode = FALSE
	EndGlobalSection
	GlobalSection(ExtensibilityGlobals) = postSolution
		SolutionGuid = {E11ABC42-EE1D-4DD2-886E-B50048EE8B2E}
	EndGlobalSection
EndGlobal
