
Microsoft Visual Studio Solution File, Format Version 12.00
# Visual Studio Version 17
VisualStudioVersion = 17.3.32922.545
MinimumVisualStudioVersion = 10.0.40219.1
Project("{8BC9CEB8-8B4A-11D0-8D11-00A0C91BC942}") = "2_4", "2_4\2_4.vcxproj", "{1AC69565-8A7F-4FDF-88AE-992116FA132B}"
EndProject
Global
	GlobalSection(SolutionConfigurationPlatforms) = preSolution
		Debug|x64 = Debug|x64
		Debug|x86 = Debug|x86
		Release|x64 = Release|x64
		Release|x86 = Release|x86
	EndGlobalSection
	GlobalSection(ProjectConfigurationPlatforms) = postSolution
		{1AC69565-8A7F-4FDF-88AE-992116FA132B}.Debug|x64.ActiveCfg = Debug|x64
		{1AC69565-8A7F-4FDF-88AE-992116FA132B}.Debug|x64.Build.0 = Debug|x64
		{1AC69565-8A7F-4FDF-88AE-992116FA132B}.Debug|x86.ActiveCfg = Debug|Win32
		{1AC69565-8A7F-4FDF-88AE-992116FA132B}.Debug|x86.Build.0 = Debug|Win32
		{1AC69565-8A7F-4FDF-88AE-992116FA132B}.Release|x64.ActiveCfg = Release|x64
		{1AC69565-8A7F-4FDF-88AE-992116FA132B}.Release|x64.Build.0 = Release|x64
		{1AC69565-8A7F-4FDF-88AE-992116FA132B}.Release|x86.ActiveCfg = Release|Win32
		{1AC69565-8A7F-4FDF-88AE-992116FA132B}.Release|x86.Build.0 = Release|Win32
	EndGlobalSection
	GlobalSection(SolutionProperties) = preSolution
		HideSolutionNode = FALSE
	EndGlobalSection
	GlobalSection(ExtensibilityGlobals) = postSolution
		SolutionGuid = {18BD5757-38E9-4A2B-B6D6-33D76C66F899}
	EndGlobalSection
EndGlobal
